
Microsoft Visual Studio Solution File, Format Version 12.00
# Visual Studio Version 17
VisualStudioVersion = 17.1.32328.378
MinimumVisualStudioVersion = 10.0.40219.1
Project("{8BC9CEB8-8B4A-11D0-8D11-00A0C91BC942}") = "Bonus assignment", "Bonus assignment\Bonus assignment.vcxproj", "{06D053F0-0FA2-449D-A638-3F1568BFB261}"
EndProject
Project("{8BC9CEB8-8B4A-11D0-8D11-00A0C91BC942}") = "Q2 - v 1", "Q2 - v 1\Q2 - v 1.vcxproj", "{2FCD6750-EB36-4547-A7E7-1CC548770F98}"
EndProject
Project("{8BC9CEB8-8B4A-11D0-8D11-00A0C91BC942}") = "Q1", "Q1\Q1.vcxproj", "{19571A38-CC58-4372-9CE8-9B1B4C135A27}"
EndProject
Global
	GlobalSection(SolutionConfigurationPlatforms) = preSolution
		Debug|x64 = Debug|x64
		Debug|x86 = Debug|x86
		Release|x64 = Release|x64
		Release|x86 = Release|x86
	EndGlobalSection
	GlobalSection(ProjectConfigurationPlatforms) = postSolution
		{06D053F0-0FA2-449D-A638-3F1568BFB261}.Debug|x64.ActiveCfg = Debug|x64
		{06D053F0-0FA2-449D-A638-3F1568BFB261}.Debug|x64.Build.0 = Debug|x64
		{06D053F0-0FA2-449D-A638-3F1568BFB261}.Debug|x86.ActiveCfg = Debug|Win32
		{06D053F0-0FA2-449D-A638-3F1568BFB261}.Debug|x86.Build.0 = Debug|Win32
		{06D053F0-0FA2-449D-A638-3F1568BFB261}.Release|x64.ActiveCfg = Release|x64
		{06D053F0-0FA2-449D-A638-3F1568BFB261}.Release|x64.Build.0 = Release|x64
		{06D053F0-0FA2-449D-A638-3F1568BFB261}.Release|x86.ActiveCfg = Release|Win32
		{06D053F0-0FA2-449D-A638-3F1568BFB261}.Release|x86.Build.0 = Release|Win32
		{2FCD6750-EB36-4547-A7E7-1CC548770F98}.Debug|x64.ActiveCfg = Debug|x64
		{2FCD6750-EB36-4547-A7E7-1CC548770F98}.Debug|x64.Build.0 = Debug|x64
		{2FCD6750-EB36-4547-A7E7-1CC548770F98}.Debug|x86.ActiveCfg = Debug|Win32
		{2FCD6750-EB36-4547-A7E7-1CC548770F98}.Debug|x86.Build.0 = Debug|Win32
		{2FCD6750-EB36-4547-A7E7-1CC548770F98}.Release|x64.ActiveCfg = Release|x64
		{2FCD6750-EB36-4547-A7E7-1CC548770F98}.Release|x64.Build.0 = Release|x64
		{2FCD6750-EB36-4547-A7E7-1CC548770F98}.Release|x86.ActiveCfg = Release|Win32
		{2FCD6750-EB36-4547-A7E7-1CC548770F98}.Release|x86.Build.0 = Release|Win32
		{19571A38-CC58-4372-9CE8-9B1B4C135A27}.Debug|x64.ActiveCfg = Debug|x64
		{19571A38-CC58-4372-9CE8-9B1B4C135A27}.Debug|x64.Build.0 = Debug|x64
		{19571A38-CC58-4372-9CE8-9B1B4C135A27}.Debug|x86.ActiveCfg = Debug|Win32
		{19571A38-CC58-4372-9CE8-9B1B4C135A27}.Debug|x86.Build.0 = Debug|Win32
		{19571A38-CC58-4372-9CE8-9B1B4C135A27}.Release|x64.ActiveCfg = Release|x64
		{19571A38-CC58-4372-9CE8-9B1B4C135A27}.Release|x64.Build.0 = Release|x64
		{19571A38-CC58-4372-9CE8-9B1B4C135A27}.Release|x86.ActiveCfg = Release|Win32
		{19571A38-CC58-4372-9CE8-9B1B4C135A27}.Release|x86.Build.0 = Release|Win32
	EndGlobalSection
	GlobalSection(SolutionProperties) = preSolution
		HideSolutionNode = FALSE
	EndGlobalSection
	GlobalSection(ExtensibilityGlobals) = postSolution
		SolutionGuid = {24610529-DE61-4819-8ADE-9193BD8D072A}
	EndGlobalSection
EndGlobal
